
Microsoft Visual Studio Solution File, Format Version 12.00
# Visual Studio Version 17
VisualStudioVersion = 17.3.32819.101
MinimumVisualStudioVersion = 10.0.40219.1
Project("{FAE04EC0-301F-11D3-BF4B-00C04F79EFBC}") = "Semana05", "Semana05\Semana05.csproj", "{BA4A6820-6C59-4F53-B156-D947DCF09B84}"
EndProject
Project("{FAE04EC0-301F-11D3-BF4B-00C04F79EFBC}") = "Data", "Data\Data.csproj", "{D4A54E9F-A3CE-475E-8962-A5E7E8EC2FEA}"
EndProject
Project("{FAE04EC0-301F-11D3-BF4B-00C04F79EFBC}") = "Business", "Business\Business.csproj", "{659B2307-6E75-4838-95E1-0CBD079EB924}"
EndProject
Project("{FAE04EC0-301F-11D3-BF4B-00C04F79EFBC}") = "Entity", "Entity\Entity.csproj", "{00D02C90-57E0-42E8-8A17-635BF696AD29}"
EndProject
Project("{FAE04EC0-301F-11D3-BF4B-00C04F79EFBC}") = "Categoria", "Categoria\Categoria.csproj", "{637AC8FB-76FB-44D9-A63E-D3E259123B9E}"
EndProject
Global
	GlobalSection(SolutionConfigurationPlatforms) = preSolution
		Debug|Any CPU = Debug|Any CPU
		Release|Any CPU = Release|Any CPU
	EndGlobalSection
	GlobalSection(ProjectConfigurationPlatforms) = postSolution
		{BA4A6820-6C59-4F53-B156-D947DCF09B84}.Debug|Any CPU.ActiveCfg = Debug|Any CPU
		{BA4A6820-6C59-4F53-B156-D947DCF09B84}.Debug|Any CPU.Build.0 = Debug|Any CPU
		{BA4A6820-6C59-4F53-B156-D947DCF09B84}.Release|Any CPU.ActiveCfg = Release|Any CPU
		{BA4A6820-6C59-4F53-B156-D947DCF09B84}.Release|Any CPU.Build.0 = Release|Any CPU
		{D4A54E9F-A3CE-475E-8962-A5E7E8EC2FEA}.Debug|Any CPU.ActiveCfg = Debug|Any CPU
		{D4A54E9F-A3CE-475E-8962-A5E7E8EC2FEA}.Debug|Any CPU.Build.0 = Debug|Any CPU
		{D4A54E9F-A3CE-475E-8962-A5E7E8EC2FEA}.Release|Any CPU.ActiveCfg = Release|Any CPU
		{D4A54E9F-A3CE-475E-8962-A5E7E8EC2FEA}.Release|Any CPU.Build.0 = Release|Any CPU
		{659B2307-6E75-4838-95E1-0CBD079EB924}.Debug|Any CPU.ActiveCfg = Debug|Any CPU
		{659B2307-6E75-4838-95E1-0CBD079EB924}.Debug|Any CPU.Build.0 = Debug|Any CPU
		{659B2307-6E75-4838-95E1-0CBD079EB924}.Release|Any CPU.ActiveCfg = Release|Any CPU
		{659B2307-6E75-4838-95E1-0CBD079EB924}.Release|Any CPU.Build.0 = Release|Any CPU
		{00D02C90-57E0-42E8-8A17-635BF696AD29}.Debug|Any CPU.ActiveCfg = Debug|Any CPU
		{00D02C90-57E0-42E8-8A17-635BF696AD29}.Debug|Any CPU.Build.0 = Debug|Any CPU
		{00D02C90-57E0-42E8-8A17-635BF696AD29}.Release|Any CPU.ActiveCfg = Release|Any CPU
		{00D02C90-57E0-42E8-8A17-635BF696AD29}.Release|Any CPU.Build.0 = Release|Any CPU
		{637AC8FB-76FB-44D9-A63E-D3E259123B9E}.Debug|Any CPU.ActiveCfg = Debug|Any CPU
		{637AC8FB-76FB-44D9-A63E-D3E259123B9E}.Debug|Any CPU.Build.0 = Debug|Any CPU
		{637AC8FB-76FB-44D9-A63E-D3E259123B9E}.Release|Any CPU.ActiveCfg = Release|Any CPU
		{637AC8FB-76FB-44D9-A63E-D3E259123B9E}.Release|Any CPU.Build.0 = Release|Any CPU
	EndGlobalSection
	GlobalSection(SolutionProperties) = preSolution
		HideSolutionNode = FALSE
	EndGlobalSection
	GlobalSection(ExtensibilityGlobals) = postSolution
		SolutionGuid = {4B228AB9-04E0-4441-BAE9-CF2849409648}
	EndGlobalSection
EndGlobal
